
Microsoft Visual Studio Solution File, Format Version 12.00
# Visual Studio Version 17
VisualStudioVersion = 17.4.33205.214
MinimumVisualStudioVersion = 10.0.40219.1
Project("{FAE04EC0-301F-11D3-BF4B-00C04F79EFBC}") = "console dersi 20", "console dersi 20\console dersi 20.csproj", "{A313563C-5F99-4B42-BE98-2E085D380A78}"
EndProject
Global
	GlobalSection(SolutionConfigurationPlatforms) = preSolution
		Debug|Any CPU = Debug|Any CPU
		Release|Any CPU = Release|Any CPU
	EndGlobalSection
	GlobalSection(ProjectConfigurationPlatforms) = postSolution
		{A313563C-5F99-4B42-BE98-2E085D380A78}.Debug|Any CPU.ActiveCfg = Debug|Any CPU
		{A313563C-5F99-4B42-BE98-2E085D380A78}.Debug|Any CPU.Build.0 = Debug|Any CPU
		{A313563C-5F99-4B42-BE98-2E085D380A78}.Release|Any CPU.ActiveCfg = Release|Any CPU
		{A313563C-5F99-4B42-BE98-2E085D380A78}.Release|Any CPU.Build.0 = Release|Any CPU
	EndGlobalSection
	GlobalSection(SolutionProperties) = preSolution
		HideSolutionNode = FALSE
	EndGlobalSection
	GlobalSection(ExtensibilityGlobals) = postSolution
		SolutionGuid = {D1507929-49BC-49D3-8F0D-030485E4326A}
	EndGlobalSection
EndGlobal
